// !$*UTF8*$!
{
	archiveVersion = 1;
	classes = {
	};
	objectVersion = 56;
	objects = {

/* Begin PBXBuildFile section */
		F24D34B12BAB36720061E1C9 /* AddNewTaskViewController.swift in Sources */ = {isa = PBXBuildFile; fileRef = F24D34B02BAB36720061E1C9 /* AddNewTaskViewController.swift */; };
		F24D34B32BAB41AB0061E1C9 /* ToDoTableViewCell.swift in Sources */ = {isa = PBXBuildFile; fileRef = F24D34B22BAB41AB0061E1C9 /* ToDoTableViewCell.swift */; };
		F24D34B52BAB48D00061E1C9 /* SummaryTableViewCell.swift in Sources */ = {isa = PBXBuildFile; fileRef = F24D34B42BAB48D00061E1C9 /* SummaryTableViewCell.swift */; };
		F26F9B4D2BAA1F030060F9D2 /* CoreDataManager.swift in Sources */ = {isa = PBXBuildFile; fileRef = F26F9B4C2BAA1F030060F9D2 /* CoreDataManager.swift */; };
		F29AB9362BA9DBFE0090F140 /* AppDelegate.swift in Sources */ = {isa = PBXBuildFile; fileRef = F29AB9352BA9DBFE0090F140 /* AppDelegate.swift */; };
		F29AB9382BA9DBFE0090F140 /* SceneDelegate.swift in Sources */ = {isa = PBXBuildFile; fileRef = F29AB9372BA9DBFE0090F140 /* SceneDelegate.swift */; };
		F29AB93A2BA9DBFE0090F140 /* ToDoListViewController.swift in Sources */ = {isa = PBXBuildFile; fileRef = F29AB9392BA9DBFE0090F140 /* ToDoListViewController.swift */; };
		F29AB93F2BA9DC000090F140 /* Assets.xcassets in Resources */ = {isa = PBXBuildFile; fileRef = F29AB93E2BA9DC000090F140 /* Assets.xcassets */; };
		F29AB9422BA9DC000090F140 /* LaunchScreen.storyboard in Resources */ = {isa = PBXBuildFile; fileRef = F29AB9402BA9DC000090F140 /* LaunchScreen.storyboard */; };
		F29AB9502BA9E4950090F140 /* ToDo.xcdatamodeld in Sources */ = {isa = PBXBuildFile; fileRef = F29AB94E2BA9E4950090F140 /* ToDo.xcdatamodeld */; };
		F29AB9522BA9E71D0090F140 /* TaskViewModel.swift in Sources */ = {isa = PBXBuildFile; fileRef = F29AB9512BA9E71D0090F140 /* TaskViewModel.swift */; };
		F29AB9542BA9E8BB0090F140 /* TaskListViewModel.swift in Sources */ = {isa = PBXBuildFile; fileRef = F29AB9532BA9E8BB0090F140 /* TaskListViewModel.swift */; };
		F29AB9562BA9EEF50090F140 /* AddNewTaskViewModel.swift in Sources */ = {isa = PBXBuildFile; fileRef = F29AB9552BA9EEF50090F140 /* AddNewTaskViewModel.swift */; };
		F2C59EE72BAB7C170021D167 /* Lottie in Frameworks */ = {isa = PBXBuildFile; productRef = F2C59EE62BAB7C170021D167 /* Lottie */; };
		F2C59EE92BAB7C950021D167 /* CelebrationAnimationView.swift in Sources */ = {isa = PBXBuildFile; fileRef = F2C59EE82BAB7C950021D167 /* CelebrationAnimationView.swift */; };
		F2C59EEB2BAB7FCE0021D167 /* Animation - 1710966711685.json in Resources */ = {isa = PBXBuildFile; fileRef = F2C59EEA2BAB7FCE0021D167 /* Animation - 1710966711685.json */; };
		F2C59EED2BAB83200021D167 /* ToDoListViewControllerDataSource.swift in Sources */ = {isa = PBXBuildFile; fileRef = F2C59EEC2BAB83200021D167 /* ToDoListViewControllerDataSource.swift */; };
		F2C59EEF2BAB83930021D167 /* ToDoListViewControllerDelegate.swift in Sources */ = {isa = PBXBuildFile; fileRef = F2C59EEE2BAB83930021D167 /* ToDoListViewControllerDelegate.swift */; };
/* End PBXBuildFile section */

/* Begin PBXFileReference section */
		F24D34B02BAB36720061E1C9 /* AddNewTaskViewController.swift */ = {isa = PBXFileReference; lastKnownFileType = sourcecode.swift; path = AddNewTaskViewController.swift; sourceTree = "<group>"; };
		F24D34B22BAB41AB0061E1C9 /* ToDoTableViewCell.swift */ = {isa = PBXFileReference; lastKnownFileType = sourcecode.swift; path = ToDoTableViewCell.swift; sourceTree = "<group>"; };
		F24D34B42BAB48D00061E1C9 /* SummaryTableViewCell.swift */ = {isa = PBXFileReference; lastKnownFileType = sourcecode.swift; path = SummaryTableViewCell.swift; sourceTree = "<group>"; };
		F26F9B4C2BAA1F030060F9D2 /* CoreDataManager.swift */ = {isa = PBXFileReference; lastKnownFileType = sourcecode.swift; path = CoreDataManager.swift; sourceTree = "<group>"; };
		F29AB9322BA9DBFE0090F140 /* ToDoList.app */ = {isa = PBXFileReference; explicitFileType = wrapper.application; includeInIndex = 0; path = ToDoList.app; sourceTree = BUILT_PRODUCTS_DIR; };
		F29AB9352BA9DBFE0090F140 /* AppDelegate.swift */ = {isa = PBXFileReference; lastKnownFileType = sourcecode.swift; path = AppDelegate.swift; sourceTree = "<group>"; };
		F29AB9372BA9DBFE0090F140 /* SceneDelegate.swift */ = {isa = PBXFileReference; lastKnownFileType = sourcecode.swift; path = SceneDelegate.swift; sourceTree = "<group>"; };
		F29AB9392BA9DBFE0090F140 /* ToDoListViewController.swift */ = {isa = PBXFileReference; lastKnownFileType = sourcecode.swift; path = ToDoListViewController.swift; sourceTree = "<group>"; };
		F29AB93E2BA9DC000090F140 /* Assets.xcassets */ = {isa = PBXFileReference; lastKnownFileType = folder.assetcatalog; path = Assets.xcassets; sourceTree = "<group>"; };
		F29AB9412BA9DC000090F140 /* Base */ = {isa = PBXFileReference; lastKnownFileType = file.storyboard; name = Base; path = Base.lproj/LaunchScreen.storyboard; sourceTree = "<group>"; };
		F29AB9432BA9DC000090F140 /* Info.plist */ = {isa = PBXFileReference; lastKnownFileType = text.plist.xml; path = Info.plist; sourceTree = "<group>"; };
		F29AB94F2BA9E4950090F140 /* ToDo.xcdatamodel */ = {isa = PBXFileReference; lastKnownFileType = wrapper.xcdatamodel; path = ToDo.xcdatamodel; sourceTree = "<group>"; };
		F29AB9512BA9E71D0090F140 /* TaskViewModel.swift */ = {isa = PBXFileReference; lastKnownFileType = sourcecode.swift; path = TaskViewModel.swift; sourceTree = "<group>"; };
		F29AB9532BA9E8BB0090F140 /* TaskListViewModel.swift */ = {isa = PBXFileReference; lastKnownFileType = sourcecode.swift; path = TaskListViewModel.swift; sourceTree = "<group>"; };
		F29AB9552BA9EEF50090F140 /* AddNewTaskViewModel.swift */ = {isa = PBXFileReference; lastKnownFileType = sourcecode.swift; path = AddNewTaskViewModel.swift; sourceTree = "<group>"; };
		F2C59EE82BAB7C950021D167 /* CelebrationAnimationView.swift */ = {isa = PBXFileReference; lastKnownFileType = sourcecode.swift; path = CelebrationAnimationView.swift; sourceTree = "<group>"; };
		F2C59EEA2BAB7FCE0021D167 /* Animation - 1710966711685.json */ = {isa = PBXFileReference; fileEncoding = 4; lastKnownFileType = text.json; path = "Animation - 1710966711685.json"; sourceTree = "<group>"; };
		F2C59EEC2BAB83200021D167 /* ToDoListViewControllerDataSource.swift */ = {isa = PBXFileReference; lastKnownFileType = sourcecode.swift; path = ToDoListViewControllerDataSource.swift; sourceTree = "<group>"; };
		F2C59EEE2BAB83930021D167 /* ToDoListViewControllerDelegate.swift */ = {isa = PBXFileReference; lastKnownFileType = sourcecode.swift; path = ToDoListViewControllerDelegate.swift; sourceTree = "<group>"; };
/* End PBXFileReference section */

/* Begin PBXFrameworksBuildPhase section */
		F29AB92F2BA9DBFE0090F140 /* Frameworks */ = {
			isa = PBXFrameworksBuildPhase;
			buildActionMask = 2147483647;
			files = (
				F2C59EE72BAB7C170021D167 /* Lottie in Frameworks */,
			);
			runOnlyForDeploymentPostprocessing = 0;
		};
/* End PBXFrameworksBuildPhase section */

/* Begin PBXGroup section */
		F29AB9292BA9DBFE0090F140 = {
			isa = PBXGroup;
			children = (
				F29AB9342BA9DBFE0090F140 /* ToDoList */,
				F29AB9332BA9DBFE0090F140 /* Products */,
			);
			sourceTree = "<group>";
		};
		F29AB9332BA9DBFE0090F140 /* Products */ = {
			isa = PBXGroup;
			children = (
				F29AB9322BA9DBFE0090F140 /* ToDoList.app */,
			);
			name = Products;
			sourceTree = "<group>";
		};
		F29AB9342BA9DBFE0090F140 /* ToDoList */ = {
			isa = PBXGroup;
			children = (
				F29AB94D2BA9E1F40090F140 /* Views */,
				F29AB94C2BA9E1D80090F140 /* ViewControllers */,
				F29AB94B2BA9E1AF0090F140 /* ViewModels */,
				F29AB94A2BA9E1890090F140 /* Resources */,
				F29AB9492BA9E1400090F140 /* SystemFiles */,
			);
			path = ToDoList;
			sourceTree = "<group>";
		};
		F29AB9492BA9E1400090F140 /* SystemFiles */ = {
			isa = PBXGroup;
			children = (
				F29AB9352BA9DBFE0090F140 /* AppDelegate.swift */,
				F29AB9372BA9DBFE0090F140 /* SceneDelegate.swift */,
				F29AB93E2BA9DC000090F140 /* Assets.xcassets */,
				F29AB9402BA9DC000090F140 /* LaunchScreen.storyboard */,
				F29AB9432BA9DC000090F140 /* Info.plist */,
			);
			path = SystemFiles;
			sourceTree = "<group>";
		};
		F29AB94A2BA9E1890090F140 /* Resources */ = {
			isa = PBXGroup;
			children = (
				F2C59EEA2BAB7FCE0021D167 /* Animation - 1710966711685.json */,
				F29AB94E2BA9E4950090F140 /* ToDo.xcdatamodeld */,
				F26F9B4C2BAA1F030060F9D2 /* CoreDataManager.swift */,
				F2C59EEC2BAB83200021D167 /* ToDoListViewControllerDataSource.swift */,
				F2C59EEE2BAB83930021D167 /* ToDoListViewControllerDelegate.swift */,
			);
			path = Resources;
			sourceTree = "<group>";
		};
		F29AB94B2BA9E1AF0090F140 /* ViewModels */ = {
			isa = PBXGroup;
			children = (
				F29AB9512BA9E71D0090F140 /* TaskViewModel.swift */,
				F29AB9532BA9E8BB0090F140 /* TaskListViewModel.swift */,
				F29AB9552BA9EEF50090F140 /* AddNewTaskViewModel.swift */,
			);
			path = ViewModels;
			sourceTree = "<group>";
		};
		F29AB94C2BA9E1D80090F140 /* ViewControllers */ = {
			isa = PBXGroup;
			children = (
				F29AB9392BA9DBFE0090F140 /* ToDoListViewController.swift */,
				F24D34B02BAB36720061E1C9 /* AddNewTaskViewController.swift */,
			);
			path = ViewControllers;
			sourceTree = "<group>";
		};
		F29AB94D2BA9E1F40090F140 /* Views */ = {
			isa = PBXGroup;
			children = (
				F24D34B22BAB41AB0061E1C9 /* ToDoTableViewCell.swift */,
				F24D34B42BAB48D00061E1C9 /* SummaryTableViewCell.swift */,
				F2C59EE82BAB7C950021D167 /* CelebrationAnimationView.swift */,
			);
			path = Views;
			sourceTree = "<group>";
		};
/* End PBXGroup section */

/* Begin PBXNativeTarget section */
		F29AB9312BA9DBFE0090F140 /* ToDoList */ = {
			isa = PBXNativeTarget;
			buildConfigurationList = F29AB9462BA9DC000090F140 /* Build configuration list for PBXNativeTarget "ToDoList" */;
			buildPhases = (
				F29AB92E2BA9DBFE0090F140 /* Sources */,
				F29AB92F2BA9DBFE0090F140 /* Frameworks */,
				F29AB9302BA9DBFE0090F140 /* Resources */,
			);
			buildRules = (
			);
			dependencies = (
			);
			name = ToDoList;
			packageProductDependencies = (
				F2C59EE62BAB7C170021D167 /* Lottie */,
			);
			productName = ToDoList;
			productReference = F29AB9322BA9DBFE0090F140 /* ToDoList.app */;
			productType = "com.apple.product-type.application";
		};
/* End PBXNativeTarget section */

/* Begin PBXProject section */
		F29AB92A2BA9DBFE0090F140 /* Project object */ = {
			isa = PBXProject;
			attributes = {
				BuildIndependentTargetsInParallel = 1;
				LastSwiftUpdateCheck = 1420;
				LastUpgradeCheck = 1420;
				TargetAttributes = {
					F29AB9312BA9DBFE0090F140 = {
						CreatedOnToolsVersion = 14.2;
					};
				};
			};
			buildConfigurationList = F29AB92D2BA9DBFE0090F140 /* Build configuration list for PBXProject "ToDoList" */;
			compatibilityVersion = "Xcode 14.0";
			developmentRegion = en;
			hasScannedForEncodings = 0;
			knownRegions = (
				en,
				Base,
			);
			mainGroup = F29AB9292BA9DBFE0090F140;
			packageReferences = (
				F2C59EE52BAB7C170021D167 /* XCRemoteSwiftPackageReference "lottie-ios" */,
			);
			productRefGroup = F29AB9332BA9DBFE0090F140 /* Products */;
			projectDirPath = "";
			projectRoot = "";
			targets = (
				F29AB9312BA9DBFE0090F140 /* ToDoList */,
			);
		};
/* End PBXProject section */

/* Begin PBXResourcesBuildPhase section */
		F29AB9302BA9DBFE0090F140 /* Resources */ = {
			isa = PBXResourcesBuildPhase;
			buildActionMask = 2147483647;
			files = (
				F29AB9422BA9DC000090F140 /* LaunchScreen.storyboard in Resources */,
				F29AB93F2BA9DC000090F140 /* Assets.xcassets in Resources */,
				F2C59EEB2BAB7FCE0021D167 /* Animation - 1710966711685.json in Resources */,
			);
			runOnlyForDeploymentPostprocessing = 0;
		};
/* End PBXResourcesBuildPhase section */

/* Begin PBXSourcesBuildPhase section */
		F29AB92E2BA9DBFE0090F140 /* Sources */ = {
			isa = PBXSourcesBuildPhase;
			buildActionMask = 2147483647;
			files = (
				F2C59EE92BAB7C950021D167 /* CelebrationAnimationView.swift in Sources */,
				F29AB93A2BA9DBFE0090F140 /* ToDoListViewController.swift in Sources */,
				F29AB9562BA9EEF50090F140 /* AddNewTaskViewModel.swift in Sources */,
				F29AB9362BA9DBFE0090F140 /* AppDelegate.swift in Sources */,
				F29AB9382BA9DBFE0090F140 /* SceneDelegate.swift in Sources */,
				F29AB9522BA9E71D0090F140 /* TaskViewModel.swift in Sources */,
				F2C59EED2BAB83200021D167 /* ToDoListViewControllerDataSource.swift in Sources */,
				F29AB9502BA9E4950090F140 /* ToDo.xcdatamodeld in Sources */,
				F24D34B52BAB48D00061E1C9 /* SummaryTableViewCell.swift in Sources */,
				F26F9B4D2BAA1F030060F9D2 /* CoreDataManager.swift in Sources */,
				F24D34B12BAB36720061E1C9 /* AddNewTaskViewController.swift in Sources */,
				F2C59EEF2BAB83930021D167 /* ToDoListViewControllerDelegate.swift in Sources */,
				F29AB9542BA9E8BB0090F140 /* TaskListViewModel.swift in Sources */,
				F24D34B32BAB41AB0061E1C9 /* ToDoTableViewCell.swift in Sources */,
			);
			runOnlyForDeploymentPostprocessing = 0;
		};
/* End PBXSourcesBuildPhase section */

/* Begin PBXVariantGroup section */
		F29AB9402BA9DC000090F140 /* LaunchScreen.storyboard */ = {
			isa = PBXVariantGroup;
			children = (
				F29AB9412BA9DC000090F140 /* Base */,
			);
			name = LaunchScreen.storyboard;
			sourceTree = "<group>";
		};
/* End PBXVariantGroup section */

/* Begin XCBuildConfiguration section */
		F29AB9442BA9DC000090F140 /* Debug */ = {
			isa = XCBuildConfiguration;
			buildSettings = {
				ALWAYS_SEARCH_USER_PATHS = NO;
				CLANG_ANALYZER_NONNULL = YES;
				CLANG_ANALYZER_NUMBER_OBJECT_CONVERSION = YES_AGGRESSIVE;
				CLANG_CXX_LANGUAGE_STANDARD = "gnu++20";
				CLANG_ENABLE_MODULES = YES;
				CLANG_ENABLE_OBJC_ARC = YES;
				CLANG_ENABLE_OBJC_WEAK = YES;
				CLANG_WARN_BLOCK_CAPTURE_AUTORELEASING = YES;
				CLANG_WARN_BOOL_CONVERSION = YES;
				CLANG_WARN_COMMA = YES;
				CLANG_WARN_CONSTANT_CONVERSION = YES;
				CLANG_WARN_DEPRECATED_OBJC_IMPLEMENTATIONS = YES;
				CLANG_WARN_DIRECT_OBJC_ISA_USAGE = YES_ERROR;
				CLANG_WARN_DOCUMENTATION_COMMENTS = YES;
				CLANG_WARN_EMPTY_BODY = YES;
				CLANG_WARN_ENUM_CONVERSION = YES;
				CLANG_WARN_INFINITE_RECURSION = YES;
				CLANG_WARN_INT_CONVERSION = YES;
				CLANG_WARN_NON_LITERAL_NULL_CONVERSION = YES;
				CLANG_WARN_OBJC_IMPLICIT_RETAIN_SELF = YES;
				CLANG_WARN_OBJC_LITERAL_CONVERSION = YES;
				CLANG_WARN_OBJC_ROOT_CLASS = YES_ERROR;
				CLANG_WARN_QUOTED_INCLUDE_IN_FRAMEWORK_HEADER = YES;
				CLANG_WARN_RANGE_LOOP_ANALYSIS = YES;
				CLANG_WARN_STRICT_PROTOTYPES = YES;
				CLANG_WARN_SUSPICIOUS_MOVE = YES;
				CLANG_WARN_UNGUARDED_AVAILABILITY = YES_AGGRESSIVE;
				CLANG_WARN_UNREACHABLE_CODE = YES;
				CLANG_WARN__DUPLICATE_METHOD_MATCH = YES;
				COPY_PHASE_STRIP = NO;
				DEBUG_INFORMATION_FORMAT = dwarf;
				ENABLE_STRICT_OBJC_MSGSEND = YES;
				ENABLE_TESTABILITY = YES;
				GCC_C_LANGUAGE_STANDARD = gnu11;
				GCC_DYNAMIC_NO_PIC = NO;
				GCC_NO_COMMON_BLOCKS = YES;
				GCC_OPTIMIZATION_LEVEL = 0;
				GCC_PREPROCESSOR_DEFINITIONS = (
					"DEBUG=1",
					"$(inherited)",
				);
				GCC_WARN_64_TO_32_BIT_CONVERSION = YES;
				GCC_WARN_ABOUT_RETURN_TYPE = YES_ERROR;
				GCC_WARN_UNDECLARED_SELECTOR = YES;
				GCC_WARN_UNINITIALIZED_AUTOS = YES_AGGRESSIVE;
				GCC_WARN_UNUSED_FUNCTION = YES;
				GCC_WARN_UNUSED_VARIABLE = YES;
				IPHONEOS_DEPLOYMENT_TARGET = 16.2;
				MTL_ENABLE_DEBUG_INFO = INCLUDE_SOURCE;
				MTL_FAST_MATH = YES;
				ONLY_ACTIVE_ARCH = YES;
				SDKROOT = iphoneos;
				SWIFT_ACTIVE_COMPILATION_CONDITIONS = DEBUG;
				SWIFT_OPTIMIZATION_LEVEL = "-Onone";
			};
			name = Debug;
		};
		F29AB9452BA9DC000090F140 /* Release */ = {
			isa = XCBuildConfiguration;
			buildSettings = {
				ALWAYS_SEARCH_USER_PATHS = NO;
				CLANG_ANALYZER_NONNULL = YES;
				CLANG_ANALYZER_NUMBER_OBJECT_CONVERSION = YES_AGGRESSIVE;
				CLANG_CXX_LANGUAGE_STANDARD = "gnu++20";
				CLANG_ENABLE_MODULES = YES;
				CLANG_ENABLE_OBJC_ARC = YES;
				CLANG_ENABLE_OBJC_WEAK = YES;
				CLANG_WARN_BLOCK_CAPTURE_AUTORELEASING = YES;
				CLANG_WARN_BOOL_CONVERSION = YES;
				CLANG_WARN_COMMA = YES;
				CLANG_WARN_CONSTANT_CONVERSION = YES;
				CLANG_WARN_DEPRECATED_OBJC_IMPLEMENTATIONS = YES;
				CLANG_WARN_DIRECT_OBJC_ISA_USAGE = YES_ERROR;
				CLANG_WARN_DOCUMENTATION_COMMENTS = YES;
				CLANG_WARN_EMPTY_BODY = YES;
				CLANG_WARN_ENUM_CONVERSION = YES;
				CLANG_WARN_INFINITE_RECURSION = YES;
				CLANG_WARN_INT_CONVERSION = YES;
				CLANG_WARN_NON_LITERAL_NULL_CONVERSION = YES;
				CLANG_WARN_OBJC_IMPLICIT_RETAIN_SELF = YES;
				CLANG_WARN_OBJC_LITERAL_CONVERSION = YES;
				CLANG_WARN_OBJC_ROOT_CLASS = YES_ERROR;
				CLANG_WARN_QUOTED_INCLUDE_IN_FRAMEWORK_HEADER = YES;
				CLANG_WARN_RANGE_LOOP_ANALYSIS = YES;
				CLANG_WARN_STRICT_PROTOTYPES = YES;
				CLANG_WARN_SUSPICIOUS_MOVE = YES;
				CLANG_WARN_UNGUARDED_AVAILABILITY = YES_AGGRESSIVE;
				CLANG_WARN_UNREACHABLE_CODE = YES;
				CLANG_WARN__DUPLICATE_METHOD_MATCH = YES;
				COPY_PHASE_STRIP = NO;
				DEBUG_INFORMATION_FORMAT = "dwarf-with-dsym";
				ENABLE_NS_ASSERTIONS = NO;
				ENABLE_STRICT_OBJC_MSGSEND = YES;
				GCC_C_LANGUAGE_STANDARD = gnu11;
				GCC_NO_COMMON_BLOCKS = YES;
				GCC_WARN_64_TO_32_BIT_CONVERSION = YES;
				GCC_WARN_ABOUT_RETURN_TYPE = YES_ERROR;
				GCC_WARN_UNDECLARED_SELECTOR = YES;
				GCC_WARN_UNINITIALIZED_AUTOS = YES_AGGRESSIVE;
				GCC_WARN_UNUSED_FUNCTION = YES;
				GCC_WARN_UNUSED_VARIABLE = YES;
				IPHONEOS_DEPLOYMENT_TARGET = 16.2;
				MTL_ENABLE_DEBUG_INFO = NO;
				MTL_FAST_MATH = YES;
				SDKROOT = iphoneos;
				SWIFT_COMPILATION_MODE = wholemodule;
				SWIFT_OPTIMIZATION_LEVEL = "-O";
				VALIDATE_PRODUCT = YES;
			};
			name = Release;
		};
		F29AB9472BA9DC000090F140 /* Debug */ = {
			isa = XCBuildConfiguration;
			buildSettings = {
				ASSETCATALOG_COMPILER_APPICON_NAME = AppIcon;
				ASSETCATALOG_COMPILER_GLOBAL_ACCENT_COLOR_NAME = AccentColor;
				CODE_SIGN_STYLE = Automatic;
				CURRENT_PROJECT_VERSION = 1;
				DEVELOPMENT_TEAM = 983K34356C;
				GENERATE_INFOPLIST_FILE = YES;
				INFOPLIST_FILE = ToDoList/SystemFiles/Info.plist;
				INFOPLIST_KEY_UIApplicationSupportsIndirectInputEvents = YES;
				INFOPLIST_KEY_UILaunchStoryboardName = LaunchScreen;
				INFOPLIST_KEY_UISupportedInterfaceOrientations_iPad = "UIInterfaceOrientationPortrait UIInterfaceOrientationPortraitUpsideDown UIInterfaceOrientationLandscapeLeft UIInterfaceOrientationLandscapeRight";
				INFOPLIST_KEY_UISupportedInterfaceOrientations_iPhone = "UIInterfaceOrientationPortrait UIInterfaceOrientationLandscapeLeft UIInterfaceOrientationLandscapeRight";
				LD_RUNPATH_SEARCH_PATHS = (
					"$(inherited)",
					"@executable_path/Frameworks",
				);
				MARKETING_VERSION = 1.0;
				PRODUCT_BUNDLE_IDENTIFIER = com.yarkos.ToDoList;
				PRODUCT_NAME = "$(TARGET_NAME)";
				SWIFT_EMIT_LOC_STRINGS = YES;
				SWIFT_VERSION = 5.0;
				TARGETED_DEVICE_FAMILY = "1,2";
			};
			name = Debug;
		};
		F29AB9482BA9DC000090F140 /* Release */ = {
			isa = XCBuildConfiguration;
			buildSettings = {
				ASSETCATALOG_COMPILER_APPICON_NAME = AppIcon;
				ASSETCATALOG_COMPILER_GLOBAL_ACCENT_COLOR_NAME = AccentColor;
				CODE_SIGN_STYLE = Automatic;
				CURRENT_PROJECT_VERSION = 1;
				DEVELOPMENT_TEAM = 983K34356C;
				GENERATE_INFOPLIST_FILE = YES;
				INFOPLIST_FILE = ToDoList/SystemFiles/Info.plist;
				INFOPLIST_KEY_UIApplicationSupportsIndirectInputEvents = YES;
				INFOPLIST_KEY_UILaunchStoryboardName = LaunchScreen;
				INFOPLIST_KEY_UISupportedInterfaceOrientations_iPad = "UIInterfaceOrientationPortrait UIInterfaceOrientationPortraitUpsideDown UIInterfaceOrientationLandscapeLeft UIInterfaceOrientationLandscapeRight";
				INFOPLIST_KEY_UISupportedInterfaceOrientations_iPhone = "UIInterfaceOrientationPortrait UIInterfaceOrientationLandscapeLeft UIInterfaceOrientationLandscapeRight";
				LD_RUNPATH_SEARCH_PATHS = (
					"$(inherited)",
					"@executable_path/Frameworks",
				);
				MARKETING_VERSION = 1.0;
				PRODUCT_BUNDLE_IDENTIFIER = com.yarkos.ToDoList;
				PRODUCT_NAME = "$(TARGET_NAME)";
				SWIFT_EMIT_LOC_STRINGS = YES;
				SWIFT_VERSION = 5.0;
				TARGETED_DEVICE_FAMILY = "1,2";
			};
			name = Release;
		};
/* End XCBuildConfiguration section */

/* Begin XCConfigurationList section */
		F29AB92D2BA9DBFE0090F140 /* Build configuration list for PBXProject "ToDoList" */ = {
			isa = XCConfigurationList;
			buildConfigurations = (
				F29AB9442BA9DC000090F140 /* Debug */,
				F29AB9452BA9DC000090F140 /* Release */,
			);
			defaultConfigurationIsVisible = 0;
			defaultConfigurationName = Release;
		};
		F29AB9462BA9DC000090F140 /* Build configuration list for PBXNativeTarget "ToDoList" */ = {
			isa = XCConfigurationList;
			buildConfigurations = (
				F29AB9472BA9DC000090F140 /* Debug */,
				F29AB9482BA9DC000090F140 /* Release */,
			);
			defaultConfigurationIsVisible = 0;
			defaultConfigurationName = Release;
		};
/* End XCConfigurationList section */

/* Begin XCRemoteSwiftPackageReference section */
		F2C59EE52BAB7C170021D167 /* XCRemoteSwiftPackageReference "lottie-ios" */ = {
			isa = XCRemoteSwiftPackageReference;
			repositoryURL = "https://github.com/airbnb/lottie-ios.git";
			requirement = {
				kind = upToNextMajorVersion;
				minimumVersion = 4.0.0;
			};
		};
/* End XCRemoteSwiftPackageReference section */

/* Begin XCSwiftPackageProductDependency section */
		F2C59EE62BAB7C170021D167 /* Lottie */ = {
			isa = XCSwiftPackageProductDependency;
			package = F2C59EE52BAB7C170021D167 /* XCRemoteSwiftPackageReference "lottie-ios" */;
			productName = Lottie;
		};
/* End XCSwiftPackageProductDependency section */

/* Begin XCVersionGroup section */
		F29AB94E2BA9E4950090F140 /* ToDo.xcdatamodeld */ = {
			isa = XCVersionGroup;
			children = (
				F29AB94F2BA9E4950090F140 /* ToDo.xcdatamodel */,
			);
			currentVersion = F29AB94F2BA9E4950090F140 /* ToDo.xcdatamodel */;
			path = ToDo.xcdatamodeld;
			sourceTree = "<group>";
			versionGroupType = wrapper.xcdatamodel;
		};
/* End XCVersionGroup section */
	};
	rootObject = F29AB92A2BA9DBFE0090F140 /* Project object */;
}
